
Microsoft Visual Studio Solution File, Format Version 12.00
# Visual Studio Version 17
VisualStudioVersion = 17.0.32002.185
MinimumVisualStudioVersion = 10.0.40219.1
Project("{FAE04EC0-301F-11D3-BF4B-00C04F79EFBC}") = "DxBlazorComponentsDefaultSettings", "DxBlazorComponentsDefaultSettings\DxBlazorComponentsDefaultSettings.csproj", "{7380BA41-D58F-4EFB-863F-2FD48EB88AB1}"
EndProject
Global
	GlobalSection(SolutionConfigurationPlatforms) = preSolution
		Debug|Any CPU = Debug|Any CPU
		Release|Any CPU = Release|Any CPU
	EndGlobalSection
	GlobalSection(ProjectConfigurationPlatforms) = postSolution
		{7380BA41-D58F-4EFB-863F-2FD48EB88AB1}.Debug|Any CPU.ActiveCfg = Debug|Any CPU
		{7380BA41-D58F-4EFB-863F-2FD48EB88AB1}.Debug|Any CPU.Build.0 = Debug|Any CPU
		{7380BA41-D58F-4EFB-863F-2FD48EB88AB1}.Release|Any CPU.ActiveCfg = Release|Any CPU
		{7380BA41-D58F-4EFB-863F-2FD48EB88AB1}.Release|Any CPU.Build.0 = Release|Any CPU
	EndGlobalSection
	GlobalSection(SolutionProperties) = preSolution
		HideSolutionNode = FALSE
	EndGlobalSection
	GlobalSection(ExtensibilityGlobals) = postSolution
		SolutionGuid = {47DBE694-A333-4711-9D84-2E91F2C3737A}
	EndGlobalSection
EndGlobal
